
Microsoft Visual Studio Solution File, Format Version 12.00
# Visual Studio Version 17
VisualStudioVersion = 17.1.32210.238
MinimumVisualStudioVersion = 10.0.40219.1
Project("{FAE04EC0-301F-11D3-BF4B-00C04F79EFBC}") = "praktikumw7", "praktikumw7\praktikumw7.csproj", "{9F516D04-5F0A-4D8D-AF0F-9FE1CA502D4F}"
EndProject
Global
	GlobalSection(SolutionConfigurationPlatforms) = preSolution
		Debug|Any CPU = Debug|Any CPU
		Release|Any CPU = Release|Any CPU
	EndGlobalSection
	GlobalSection(ProjectConfigurationPlatforms) = postSolution
		{9F516D04-5F0A-4D8D-AF0F-9FE1CA502D4F}.Debug|Any CPU.ActiveCfg = Debug|Any CPU
		{9F516D04-5F0A-4D8D-AF0F-9FE1CA502D4F}.Debug|Any CPU.Build.0 = Debug|Any CPU
		{9F516D04-5F0A-4D8D-AF0F-9FE1CA502D4F}.Release|Any CPU.ActiveCfg = Release|Any CPU
		{9F516D04-5F0A-4D8D-AF0F-9FE1CA502D4F}.Release|Any CPU.Build.0 = Release|Any CPU
	EndGlobalSection
	GlobalSection(SolutionProperties) = preSolution
		HideSolutionNode = FALSE
	EndGlobalSection
	GlobalSection(ExtensibilityGlobals) = postSolution
		SolutionGuid = {209472EF-EA3E-44D1-A20E-A6802FEF10E0}
	EndGlobalSection
EndGlobal
